[{<<"cowboy">>,
  {git,"https://github.com/ninenines/cowboy.git",
       {ref,"3d9078018d7f0a83a359b70c698d35e35fbb94f9"}},
  0},
 {<<"cowlib">>,
  {git,"git://github.com/ninenines/cowlib.git",
       {ref,"d544a494af4dbc810fc9c15eaf5cc050cced1501"}},
  1},
 {<<"ebus">>,
  {git,"git://github.com/cabol/erlbus.git",
       {ref,"456474f30aecac48d2fd3e6beda94451377c5450"}},
  0},
 {<<"jiffy">>,
  {git,"https://github.com/davisp/jiffy.git",
       {ref,"06aaf440e091c9fd5f8aea557ac760a33bd37130"}},
  0},
 {<<"jsx">>,
  {git,"https://github.com/talentdeficit/jsx.git",
       {ref,"3074d4865b3385a050badf7828ad31490d860df5"}},
  0},
 {<<"ranch">>,
  {git,"git://github.com/ninenines/ranch.git",
       {ref,"adf1822defc2b7cfdc7aca112adabfa1d614043c"}},
  1}].
